
Microsoft Visual Studio Solution File, Format Version 12.00
# Visual Studio Version 16
VisualStudioVersion = 16.0.29418.71
MinimumVisualStudioVersion = 10.0.40219.1
Project("{FAE04EC0-301F-11D3-BF4B-00C04F79EFBC}") = "MyFirstSql", "MyFirstSql\MyFirstSql.csproj", "{485C79B4-75B7-4E6D-8E7C-14658F0F5954}"
EndProject
Global
	GlobalSection(SolutionConfigurationPlatforms) = preSolution
		Debug|Any CPU = Debug|Any CPU
		Release|Any CPU = Release|Any CPU
	EndGlobalSection
	GlobalSection(ProjectConfigurationPlatforms) = postSolution
		{485C79B4-75B7-4E6D-8E7C-14658F0F5954}.Debug|Any CPU.ActiveCfg = Debug|Any CPU
		{485C79B4-75B7-4E6D-8E7C-14658F0F5954}.Debug|Any CPU.Build.0 = Debug|Any CPU
		{485C79B4-75B7-4E6D-8E7C-14658F0F5954}.Release|Any CPU.ActiveCfg = Release|Any CPU
		{485C79B4-75B7-4E6D-8E7C-14658F0F5954}.Release|Any CPU.Build.0 = Release|Any CPU
	EndGlobalSection
	GlobalSection(SolutionProperties) = preSolution
		HideSolutionNode = FALSE
	EndGlobalSection
	GlobalSection(ExtensibilityGlobals) = postSolution
		SolutionGuid = {B27D1806-3030-48B3-B649-1185E821BC41}
	EndGlobalSection
EndGlobal
